// !$*UTF8*$!
{
	archiveVersion = 1;
	classes = {
	};
	objectVersion = 46;
	objects = {

/* Begin PBXBuildFile section */
		1E86FBFE1EC0BB9A00D4DD1B /* BBS_PostData1.swift in Sources */ = {isa = PBXBuildFile; fileRef = 1E86FBFD1EC0BB9A00D4DD1B /* BBS_PostData1.swift */; };
		1ED840581EC08A990041D2E2 /* Const.swift in Sources */ = {isa = PBXBuildFile; fileRef = 1ED840571EC08A990041D2E2 /* Const.swift */; };
		3495344AEA35E0D2EEDEA072 /* Pods_tesutoOrizinaru.framework in Frameworks */ = {isa = PBXBuildFile; fileRef = D233A04FD0D12A9842BD8161 /* Pods_tesutoOrizinaru.framework */; };
		600185C01F30A49E0044BEB6 /* PostViewController.swift in Sources */ = {isa = PBXBuildFile; fileRef = 600185BF1F30A49E0044BEB6 /* PostViewController.swift */; };
		601175CE1E87B558003DA8AE /* images2.jpg in Resources */ = {isa = PBXBuildFile; fileRef = 601175CD1E87B558003DA8AE /* images2.jpg */; };
		602099031E8A60F4008F33B1 /* Entypo_d83d(10)_32.png in Resources */ = {isa = PBXBuildFile; fileRef = 602098F81E8A60F4008F33B1 /* Entypo_d83d(10)_32.png */; };
		602099041E8A60F4008F33B1 /* Entypo_d83d(9)_32.png in Resources */ = {isa = PBXBuildFile; fileRef = 602098F91E8A60F4008F33B1 /* Entypo_d83d(9)_32.png */; };
		602099051E8A60F4008F33B1 /* et-line_e005(6)_32.png in Resources */ = {isa = PBXBuildFile; fileRef = 602098FA1E8A60F4008F33B1 /* et-line_e005(6)_32.png */; };
		602099061E8A60F4008F33B1 /* et-line_e00b(4)_32.png in Resources */ = {isa = PBXBuildFile; fileRef = 602098FB1E8A60F4008F33B1 /* et-line_e00b(4)_32.png */; };
		602099071E8A60F4008F33B1 /* et-line_e011(5)_32.png in Resources */ = {isa = PBXBuildFile; fileRef = 602098FC1E8A60F4008F33B1 /* et-line_e011(5)_32.png */; };
		602099081E8A60F4008F33B1 /* FontAwesome_f02d(1)_32.png in Resources */ = {isa = PBXBuildFile; fileRef = 602098FD1E8A60F4008F33B1 /* FontAwesome_f02d(1)_32.png */; };
		602099091E8A60F4008F33B1 /* FontAwesome_f0c0(8)_32.png in Resources */ = {isa = PBXBuildFile; fileRef = 602098FE1E8A60F4008F33B1 /* FontAwesome_f0c0(8)_32.png */; };
		6020990A1E8A60F4008F33B1 /* linea_7c(2)_32.png in Resources */ = {isa = PBXBuildFile; fileRef = 602098FF1E8A60F4008F33B1 /* linea_7c(2)_32.png */; };
		6020990B1E8A60F4008F33B1 /* linecons_e029(7)_32.png in Resources */ = {isa = PBXBuildFile; fileRef = 602099001E8A60F4008F33B1 /* linecons_e029(7)_32.png */; };
		6020990C1E8A60F4008F33B1 /* Material Icons_e0be(0)_32.png in Resources */ = {isa = PBXBuildFile; fileRef = 602099011E8A60F4008F33B1 /* Material Icons_e0be(0)_32.png */; };
		6020990D1E8A60F4008F33B1 /* themify_f09a(3)_32.png in Resources */ = {isa = PBXBuildFile; fileRef = 602099021E8A60F4008F33B1 /* themify_f09a(3)_32.png */; };
		603A36711E9CD99F007941BC /* MovieViewController.swift in Sources */ = {isa = PBXBuildFile; fileRef = 603A36701E9CD99F007941BC /* MovieViewController.swift */; };
		60448B181ECF027900975D79 /* Entypo_d83d(0)_32.png in Resources */ = {isa = PBXBuildFile; fileRef = 60448B171ECF027900975D79 /* Entypo_d83d(0)_32.png */; };
		60448B1A1ECF027E00975D79 /* sns.png in Resources */ = {isa = PBXBuildFile; fileRef = 60448B191ECF027E00975D79 /* sns.png */; };
		6044BBB01F28BD6100C5B893 /* asanoha-400px.png in Resources */ = {isa = PBXBuildFile; fileRef = 6044BBAF1F28BD6100C5B893 /* asanoha-400px.png */; };
		6044BBB81F28CD0E00C5B893 /* Wiki3.png in Resources */ = {isa = PBXBuildFile; fileRef = 6044BBB71F28CD0E00C5B893 /* Wiki3.png */; };
		605B8B061E94F3FB004B92C2 /* NewsModalViewController.swift in Sources */ = {isa = PBXBuildFile; fileRef = 605B8B051E94F3FB004B92C2 /* NewsModalViewController.swift */; };
		605D29191F372789008D5ACB /* app.png in Resources */ = {isa = PBXBuildFile; fileRef = 605D29181F372789008D5ACB /* app.png */; };
		6060CE501EAF225500A60B50 /* CommentViewController.swift in Sources */ = {isa = PBXBuildFile; fileRef = 6060CE4F1EAF225500A60B50 /* CommentViewController.swift */; };
		6061C3F21F3702FE00DAE2BA /* Comment_ViewController.swift in Sources */ = {isa = PBXBuildFile; fileRef = 6061C3F11F3702FE00DAE2BA /* Comment_ViewController.swift */; };
		606627641EA9B07700991C0A /* MultiViewController.swift in Sources */ = {isa = PBXBuildFile; fileRef = 606627631EA9B07700991C0A /* MultiViewController.swift */; };
		606627671EA9B11A00991C0A /* FriendViewController.swift in Sources */ = {isa = PBXBuildFile; fileRef = 606627661EA9B11A00991C0A /* FriendViewController.swift */; };
		606627691EA9B15B00991C0A /* TeamViewController.swift in Sources */ = {isa = PBXBuildFile; fileRef = 606627681EA9B15B00991C0A /* TeamViewController.swift */; };
		60723D171EB09C7C00359D01 /* NextCommentViewController.swift in Sources */ = {isa = PBXBuildFile; fileRef = 60723D161EB09C7C00359D01 /* NextCommentViewController.swift */; };
		6077F6F51ECB03EB001CF8C6 /* BulletinBoardTableViewCell.swift in Sources */ = {isa = PBXBuildFile; fileRef = 6077F6F31ECB03EB001CF8C6 /* BulletinBoardTableViewCell.swift */; };
		6077F6F61ECB03EB001CF8C6 /* BulletinBoardTableViewCell.xib in Resources */ = {isa = PBXBuildFile; fileRef = 6077F6F41ECB03EB001CF8C6 /* BulletinBoardTableViewCell.xib */; };
		60875BEC1EADF5070040E09A /* CellImageViewController.swift in Sources */ = {isa = PBXBuildFile; fileRef = 60875BEB1EADF5070040E09A /* CellImageViewController.swift */; };
		60889E6F1E87A12C0036AC42 /* AppDelegate.swift in Sources */ = {isa = PBXBuildFile; fileRef = 60889E6E1E87A12C0036AC42 /* AppDelegate.swift */; };
		60889E711E87A12C0036AC42 /* ViewController.swift in Sources */ = {isa = PBXBuildFile; fileRef = 60889E701E87A12C0036AC42 /* ViewController.swift */; };
		60889E741E87A12C0036AC42 /* Main.storyboard in Resources */ = {isa = PBXBuildFile; fileRef = 60889E721E87A12C0036AC42 /* Main.storyboard */; };
		60889E761E87A12C0036AC42 /* Assets.xcassets in Resources */ = {isa = PBXBuildFile; fileRef = 60889E751E87A12C0036AC42 /* Assets.xcassets */; };
		60889E791E87A12C0036AC42 /* LaunchScreen.storyboard in Resources */ = {isa = PBXBuildFile; fileRef = 60889E771E87A12C0036AC42 /* LaunchScreen.storyboard */; };
		60889E971E87A4FE0036AC42 /* kouryakuViewController.swift in Sources */ = {isa = PBXBuildFile; fileRef = 60889E961E87A4FE0036AC42 /* kouryakuViewController.swift */; };
		608DF95D1EDAEDD7006A6127 /* MessageUI.framework in Frameworks */ = {isa = PBXBuildFile; fileRef = 608DF95C1EDAEDD7006A6127 /* MessageUI.framework */; };
		608DF9691EDE9C0B006A6127 /* No Image.png in Resources */ = {isa = PBXBuildFile; fileRef = 608DF9681EDE9C0B006A6127 /* No Image.png */; };
		608DF96D1EDFD0DF006A6127 /* No User.png in Resources */ = {isa = PBXBuildFile; fileRef = 608DF96C1EDFD0DF006A6127 /* No User.png */; };
		608DF99B1EDFF9C7006A6127 /* Tap.png in Resources */ = {isa = PBXBuildFile; fileRef = 608DF99A1EDFF9C7006A6127 /* Tap.png */; };
		608DF9A11EDFFC0F006A6127 /* Support_ViewController.swift in Sources */ = {isa = PBXBuildFile; fileRef = 608DF9A01EDFFC0F006A6127 /* Support_ViewController.swift */; };
		608DF9A91EE542F3006A6127 /* reload1.png in Resources */ = {isa = PBXBuildFile; fileRef = 608DF9A81EE542F2006A6127 /* reload1.png */; };
		609AE90A1EA5A82F0079A467 /* GoogleService-Info.plist in Resources */ = {isa = PBXBuildFile; fileRef = 609AE9091EA5A82F0079A467 /* GoogleService-Info.plist */; };
		609AE90C1EA5B1F40079A467 /* BulletinBoardViewController.swift in Sources */ = {isa = PBXBuildFile; fileRef = 609AE90B1EA5B1F40079A467 /* BulletinBoardViewController.swift */; };
		609AE90E1EA5B2D30079A467 /* LoginViewController.swift in Sources */ = {isa = PBXBuildFile; fileRef = 609AE90D1EA5B2D30079A467 /* LoginViewController.swift */; };
		609AE9101EA60B1F0079A467 /* ChangeProfileViewController.swift in Sources */ = {isa = PBXBuildFile; fileRef = 609AE90F1EA60B1F0079A467 /* ChangeProfileViewController.swift */; };
		609AE9121EA7754A0079A467 /* EditViewController.swift in Sources */ = {isa = PBXBuildFile; fileRef = 609AE9111EA7754A0079A467 /* EditViewController.swift */; };
		60C07FB01EC31E210091E3DB /* FavoriteViewController.swift in Sources */ = {isa = PBXBuildFile; fileRef = 60C07FAF1EC31E210091E3DB /* FavoriteViewController.swift */; };
		60CCE9E91F1B1EF400C7717F /* navBarImage.png in Resources */ = {isa = PBXBuildFile; fileRef = 60CCE9E81F1B1EF400C7717F /* navBarImage.png */; };
		60CCE9F31F1B5A0B00C7717F /* StrategyViewController.swift in Sources */ = {isa = PBXBuildFile; fileRef = 60CCE9F21F1B5A0B00C7717F /* StrategyViewController.swift */; };
		60CCE9F51F1B5BF300C7717F /* Wiki1.png in Resources */ = {isa = PBXBuildFile; fileRef = 60CCE9F41F1B5BF300C7717F /* Wiki1.png */; };
		60DAF6B51ED199BA001589FC /* FavoriteUserViewController.swift in Sources */ = {isa = PBXBuildFile; fileRef = 60DAF6B41ED199BA001589FC /* FavoriteUserViewController.swift */; };
		60DAF6B81ED463BC001589FC /* BulletinBoardTableViewCell2.swift in Sources */ = {isa = PBXBuildFile; fileRef = 60DAF6B61ED463BC001589FC /* BulletinBoardTableViewCell2.swift */; };
		60DAF6B91ED463BC001589FC /* BulletinBoardTableViewCell2.xib in Resources */ = {isa = PBXBuildFile; fileRef = 60DAF6B71ED463BC001589FC /* BulletinBoardTableViewCell2.xib */; };
		60F4BC681F0F3E89004FEDD3 /* APP_News_ViewController.swift in Sources */ = {isa = PBXBuildFile; fileRef = 60F4BC671F0F3E88004FEDD3 /* APP_News_ViewController.swift */; };
		60FCA2471ED585CC00E2D44B /* Social.framework in Frameworks */ = {isa = PBXBuildFile; fileRef = 60FCA2461ED585CC00E2D44B /* Social.framework */; };
		60FE03011E87B1100062F768 /* HomeViewController.swift in Sources */ = {isa = PBXBuildFile; fileRef = 60FE03001E87B1100062F768 /* HomeViewController.swift */; };
/* End PBXBuildFile section */

/* Begin PBXFileReference section */
		1E86FBFD1EC0BB9A00D4DD1B /* BBS_PostData1.swift */ = {isa = PBXFileReference; fileEncoding = 4; lastKnownFileType = sourcecode.swift; name = BBS_PostData1.swift; path = ../BBS_PostData1.swift; sourceTree = "<group>"; };
		1ED840571EC08A990041D2E2 /* Const.swift */ = {isa = PBXFileReference; fileEncoding = 4; lastKnownFileType = sourcecode.swift; path = Const.swift; sourceTree = "<group>"; };
		5F3BF91077C776636DC929D7 /* Pods-tesutoOrizinaru.debug.xcconfig */ = {isa = PBXFileReference; includeInIndex = 1; lastKnownFileType = text.xcconfig; name = "Pods-tesutoOrizinaru.debug.xcconfig"; path = "Pods/Target Support Files/Pods-tesutoOrizinaru/Pods-tesutoOrizinaru.debug.xcconfig"; sourceTree = "<group>"; };
		600185BF1F30A49E0044BEB6 /* PostViewController.swift */ = {isa = PBXFileReference; fileEncoding = 4; lastKnownFileType = sourcecode.swift; path = PostViewController.swift; sourceTree = "<group>"; };
		601175CD1E87B558003DA8AE /* images2.jpg */ = {isa = PBXFileReference; lastKnownFileType = image.jpeg; path = images2.jpg; sourceTree = "<group>"; };
		602098F81E8A60F4008F33B1 /* Entypo_d83d(10)_32.png */ = {isa = PBXFileReference; lastKnownFileType = image.png; path = "Entypo_d83d(10)_32.png"; sourceTree = "<group>"; };
		602098F91E8A60F4008F33B1 /* Entypo_d83d(9)_32.png */ = {isa = PBXFileReference; lastKnownFileType = image.png; path = "Entypo_d83d(9)_32.png"; sourceTree = "<group>"; };
		602098FA1E8A60F4008F33B1 /* et-line_e005(6)_32.png */ = {isa = PBXFileReference; lastKnownFileType = image.png; path = "et-line_e005(6)_32.png"; sourceTree = "<group>"; };
		602098FB1E8A60F4008F33B1 /* et-line_e00b(4)_32.png */ = {isa = PBXFileReference; lastKnownFileType = image.png; path = "et-line_e00b(4)_32.png"; sourceTree = "<group>"; };
		602098FC1E8A60F4008F33B1 /* et-line_e011(5)_32.png */ = {isa = PBXFileReference; lastKnownFileType = image.png; path = "et-line_e011(5)_32.png"; sourceTree = "<group>"; };
		602098FD1E8A60F4008F33B1 /* FontAwesome_f02d(1)_32.png */ = {isa = PBXFileReference; lastKnownFileType = image.png; path = "FontAwesome_f02d(1)_32.png"; sourceTree = "<group>"; };
		602098FE1E8A60F4008F33B1 /* FontAwesome_f0c0(8)_32.png */ = {isa = PBXFileReference; lastKnownFileType = image.png; path = "FontAwesome_f0c0(8)_32.png"; sourceTree = "<group>"; };
		602098FF1E8A60F4008F33B1 /* linea_7c(2)_32.png */ = {isa = PBXFileReference; lastKnownFileType = image.png; path = "linea_7c(2)_32.png"; sourceTree = "<group>"; };
		602099001E8A60F4008F33B1 /* linecons_e029(7)_32.png */ = {isa = PBXFileReference; lastKnownFileType = image.png; path = "linecons_e029(7)_32.png"; sourceTree = "<group>"; };
		602099011E8A60F4008F33B1 /* Material Icons_e0be(0)_32.png */ = {isa = PBXFileReference; lastKnownFileType = image.png; path = "Material Icons_e0be(0)_32.png"; sourceTree = "<group>"; };
		602099021E8A60F4008F33B1 /* themify_f09a(3)_32.png */ = {isa = PBXFileReference; lastKnownFileType = image.png; path = "themify_f09a(3)_32.png"; sourceTree = "<group>"; };
		603A36701E9CD99F007941BC /* MovieViewController.swift */ = {isa = PBXFileReference; fileEncoding = 4; lastKnownFileType = sourcecode.swift; path = MovieViewController.swift; sourceTree = "<group>"; };
		60448B171ECF027900975D79 /* Entypo_d83d(0)_32.png */ = {isa = PBXFileReference; lastKnownFileType = image.png; name = "Entypo_d83d(0)_32.png"; path = "新規フォルダー2/Entypo_d83d(0)_32.png"; sourceTree = "<group>"; };
		60448B191ECF027E00975D79 /* sns.png */ = {isa = PBXFileReference; lastKnownFileType = image.png; path = sns.png; sourceTree = "<group>"; };
		6044BBAF1F28BD6100C5B893 /* asanoha-400px.png */ = {isa = PBXFileReference; lastKnownFileType = image.png; path = "asanoha-400px.png"; sourceTree = "<group>"; };
		6044BBB71F28CD0E00C5B893 /* Wiki3.png */ = {isa = PBXFileReference; lastKnownFileType = image.png; path = Wiki3.png; sourceTree = "<group>"; };
		605B8B051E94F3FB004B92C2 /* NewsModalViewController.swift */ = {isa = PBXFileReference; fileEncoding = 4; lastKnownFileType = sourcecode.swift; path = NewsModalViewController.swift; sourceTree = "<group>"; };
		605D29181F372789008D5ACB /* app.png */ = {isa = PBXFileReference; lastKnownFileType = image.png; path = app.png; sourceTree = "<group>"; };
		6060CE4F1EAF225500A60B50 /* CommentViewController.swift */ = {isa = PBXFileReference; fileEncoding = 4; lastKnownFileType = sourcecode.swift; path = CommentViewController.swift; sourceTree = "<group>"; };
		6061C3F11F3702FE00DAE2BA /* Comment_ViewController.swift */ = {isa = PBXFileReference; fileEncoding = 4; lastKnownFileType = sourcecode.swift; path = Comment_ViewController.swift; sourceTree = "<group>"; };
		606627631EA9B07700991C0A /* MultiViewController.swift */ = {isa = PBXFileReference; fileEncoding = 4; lastKnownFileType = sourcecode.swift; name = MultiViewController.swift; path = tesutoOrizinaru/MultiViewController.swift; sourceTree = "<group>"; };
		606627661EA9B11A00991C0A /* FriendViewController.swift */ = {isa = PBXFileReference; fileEncoding = 4; lastKnownFileType = sourcecode.swift; name = FriendViewController.swift; path = tesutoOrizinaru/FriendViewController.swift; sourceTree = "<group>"; };
		606627681EA9B15B00991C0A /* TeamViewController.swift */ = {isa = PBXFileReference; fileEncoding = 4; lastKnownFileType = sourcecode.swift; name = TeamViewController.swift; path = tesutoOrizinaru/TeamViewController.swift; sourceTree = "<group>"; };
		60723D161EB09C7C00359D01 /* NextCommentViewController.swift */ = {isa = PBXFileReference; fileEncoding = 4; lastKnownFileType = sourcecode.swift; path = NextCommentViewController.swift; sourceTree = "<group>"; };
		6077F6F31ECB03EB001CF8C6 /* BulletinBoardTableViewCell.swift */ = {isa = PBXFileReference; fileEncoding = 4; lastKnownFileType = sourcecode.swift; path = BulletinBoardTableViewCell.swift; sourceTree = "<group>"; };
		6077F6F41ECB03EB001CF8C6 /* BulletinBoardTableViewCell.xib */ = {isa = PBXFileReference; fileEncoding = 4; lastKnownFileType = file.xib; path = BulletinBoardTableViewCell.xib; sourceTree = "<group>"; };
		60875BEB1EADF5070040E09A /* CellImageViewController.swift */ = {isa = PBXFileReference; fileEncoding = 4; lastKnownFileType = sourcecode.swift; path = CellImageViewController.swift; sourceTree = "<group>"; };
		60889E6B1E87A12C0036AC42 /* tesutoOrizinaru.app */ = {isa = PBXFileReference; explicitFileType = wrapper.application; includeInIndex = 0; path = tesutoOrizinaru.app; sourceTree = BUILT_PRODUCTS_DIR; };
		60889E6E1E87A12C0036AC42 /* AppDelegate.swift */ = {isa = PBXFileReference; lastKnownFileType = sourcecode.swift; path = AppDelegate.swift; sourceTree = "<group>"; };
		60889E701E87A12C0036AC42 /* ViewController.swift */ = {isa = PBXFileReference; lastKnownFileType = sourcecode.swift; path = ViewController.swift; sourceTree = "<group>"; };
		60889E731E87A12C0036AC42 /* Base */ = {isa = PBXFileReference; lastKnownFileType = file.storyboard; name = Base; path = Base.lproj/Main.storyboard; sourceTree = "<group>"; };
		60889E751E87A12C0036AC42 /* Assets.xcassets */ = {isa = PBXFileReference; lastKnownFileType = folder.assetcatalog; path = Assets.xcassets; sourceTree = "<group>"; };
		60889E781E87A12C0036AC42 /* Base */ = {isa = PBXFileReference; lastKnownFileType = file.storyboard; name = Base; path = Base.lproj/LaunchScreen.storyboard; sourceTree = "<group>"; };
		60889E7A1E87A12C0036AC42 /* Info.plist */ = {isa = PBXFileReference; lastKnownFileType = text.plist.xml; path = Info.plist; sourceTree = "<group>"; };
		60889E961E87A4FE0036AC42 /* kouryakuViewController.swift */ = {isa = PBXFileReference; fileEncoding = 4; lastKnownFileType = sourcecode.swift; name = kouryakuViewController.swift; path = tesutoOrizinaru/kouryakuViewController.swift; sourceTree = "<group>"; };
		608DF95C1EDAEDD7006A6127 /* MessageUI.framework */ = {isa = PBXFileReference; lastKnownFileType = wrapper.framework; name = MessageUI.framework; path = System/Library/Frameworks/MessageUI.framework; sourceTree = SDKROOT; };
		608DF9681EDE9C0B006A6127 /* No Image.png */ = {isa = PBXFileReference; lastKnownFileType = image.png; path = "No Image.png"; sourceTree = "<group>"; };
		608DF96C1EDFD0DF006A6127 /* No User.png */ = {isa = PBXFileReference; lastKnownFileType = image.png; path = "No User.png"; sourceTree = "<group>"; };
		608DF99A1EDFF9C7006A6127 /* Tap.png */ = {isa = PBXFileReference; lastKnownFileType = image.png; path = Tap.png; sourceTree = "<group>"; };
		608DF9A01EDFFC0F006A6127 /* Support_ViewController.swift */ = {isa = PBXFileReference; fileEncoding = 4; lastKnownFileType = sourcecode.swift; path = Support_ViewController.swift; sourceTree = "<group>"; };
		608DF9A81EE542F2006A6127 /* reload1.png */ = {isa = PBXFileReference; lastKnownFileType = image.png; path = reload1.png; sourceTree = "<group>"; };
		609AE9091EA5A82F0079A467 /* GoogleService-Info.plist */ = {isa = PBXFileReference; fileEncoding = 4; lastKnownFileType = text.plist.xml; path = "GoogleService-Info.plist"; sourceTree = "<group>"; };
		609AE90B1EA5B1F40079A467 /* BulletinBoardViewController.swift */ = {isa = PBXFileReference; fileEncoding = 4; lastKnownFileType = sourcecode.swift; name = BulletinBoardViewController.swift; path = ../BulletinBoardViewController.swift; sourceTree = "<group>"; };
		609AE90D1EA5B2D30079A467 /* LoginViewController.swift */ = {isa = PBXFileReference; fileEncoding = 4; lastKnownFileType = sourcecode.swift; name = LoginViewController.swift; path = tesutoOrizinaru/LoginViewController.swift; sourceTree = "<group>"; };
		609AE90F1EA60B1F0079A467 /* ChangeProfileViewController.swift */ = {isa = PBXFileReference; fileEncoding = 4; lastKnownFileType = sourcecode.swift; path = ChangeProfileViewController.swift; sourceTree = "<group>"; };
		609AE9111EA7754A0079A467 /* EditViewController.swift */ = {isa = PBXFileReference; fileEncoding = 4; lastKnownFileType = sourcecode.swift; name = EditViewController.swift; path = tesutoOrizinaru/EditViewController.swift; sourceTree = "<group>"; };
		60C07FAF1EC31E210091E3DB /* FavoriteViewController.swift */ = {isa = PBXFileReference; fileEncoding = 4; lastKnownFileType = sourcecode.swift; path = FavoriteViewController.swift; sourceTree = "<group>"; };
		60CCE9E81F1B1EF400C7717F /* navBarImage.png */ = {isa = PBXFileReference; lastKnownFileType = image.png; path = navBarImage.png; sourceTree = "<group>"; };
		60CCE9F21F1B5A0B00C7717F /* StrategyViewController.swift */ = {isa = PBXFileReference; fileEncoding = 4; lastKnownFileType = sourcecode.swift; path = StrategyViewController.swift; sourceTree = "<group>"; };
		60CCE9F41F1B5BF300C7717F /* Wiki1.png */ = {isa = PBXFileReference; lastKnownFileType = image.png; path = Wiki1.png; sourceTree = "<group>"; };
		60DAF6B41ED199BA001589FC /* FavoriteUserViewController.swift */ = {isa = PBXFileReference; fileEncoding = 4; lastKnownFileType = sourcecode.swift; path = FavoriteUserViewController.swift; sourceTree = "<group>"; };
		60DAF6B61ED463BC001589FC /* BulletinBoardTableViewCell2.swift */ = {isa = PBXFileReference; fileEncoding = 4; lastKnownFileType = sourcecode.swift; path = BulletinBoardTableViewCell2.swift; sourceTree = "<group>"; };
		60DAF6B71ED463BC001589FC /* BulletinBoardTableViewCell2.xib */ = {isa = PBXFileReference; fileEncoding = 4; lastKnownFileType = file.xib; path = BulletinBoardTableViewCell2.xib; sourceTree = "<group>"; };
		60F4BC671F0F3E88004FEDD3 /* APP_News_ViewController.swift */ = {isa = PBXFileReference; fileEncoding = 4; lastKnownFileType = sourcecode.swift; path = APP_News_ViewController.swift; sourceTree = "<group>"; };
		60FCA2461ED585CC00E2D44B /* Social.framework */ = {isa = PBXFileReference; lastKnownFileType = wrapper.framework; name = Social.framework; path = System/Library/Frameworks/Social.framework; sourceTree = SDKROOT; };
		60FE03001E87B1100062F768 /* HomeViewController.swift */ = {isa = PBXFileReference; fileEncoding = 4; lastKnownFileType = sourcecode.swift; path = HomeViewController.swift; sourceTree = "<group>"; };
		7C45534C5269C17AB8060498 /* Pods-tesutoOrizinaru.release.xcconfig */ = {isa = PBXFileReference; includeInIndex = 1; lastKnownFileType = text.xcconfig; name = "Pods-tesutoOrizinaru.release.xcconfig"; path = "Pods/Target Support Files/Pods-tesutoOrizinaru/Pods-tesutoOrizinaru.release.xcconfig"; sourceTree = "<group>"; };
		D233A04FD0D12A9842BD8161 /* Pods_tesutoOrizinaru.framework */ = {isa = PBXFileReference; explicitFileType = wrapper.framework; includeInIndex = 0; path = Pods_tesutoOrizinaru.framework; sourceTree = BUILT_PRODUCTS_DIR; };
/* End PBXFileReference section */

/* Begin PBXFrameworksBuildPhase section */
		60889E681E87A12C0036AC42 /* Frameworks */ = {
			isa = PBXFrameworksBuildPhase;
			buildActionMask = 2147483647;
			files = (
				608DF95D1EDAEDD7006A6127 /* MessageUI.framework in Frameworks */,
				60FCA2471ED585CC00E2D44B /* Social.framework in Frameworks */,
				3495344AEA35E0D2EEDEA072 /* Pods_tesutoOrizinaru.framework in Frameworks */,
			);
			runOnlyForDeploymentPostprocessing = 0;
		};
/* End PBXFrameworksBuildPhase section */

/* Begin PBXGroup section */
		36BEB006797021856E334076 /* Frameworks */ = {
			isa = PBXGroup;
			children = (
				608DF95C1EDAEDD7006A6127 /* MessageUI.framework */,
				60FCA2461ED585CC00E2D44B /* Social.framework */,
				D233A04FD0D12A9842BD8161 /* Pods_tesutoOrizinaru.framework */,
			);
			name = Frameworks;
			sourceTree = "<group>";
		};
		602098F71E8A60F4008F33B1 /* 新規フォルダー2 */ = {
			isa = PBXGroup;
			children = (
				602098F81E8A60F4008F33B1 /* Entypo_d83d(10)_32.png */,
				602098F91E8A60F4008F33B1 /* Entypo_d83d(9)_32.png */,
				602098FA1E8A60F4008F33B1 /* et-line_e005(6)_32.png */,
				602098FB1E8A60F4008F33B1 /* et-line_e00b(4)_32.png */,
				602098FC1E8A60F4008F33B1 /* et-line_e011(5)_32.png */,
				602098FD1E8A60F4008F33B1 /* FontAwesome_f02d(1)_32.png */,
				602098FE1E8A60F4008F33B1 /* FontAwesome_f0c0(8)_32.png */,
				602098FF1E8A60F4008F33B1 /* linea_7c(2)_32.png */,
				602099001E8A60F4008F33B1 /* linecons_e029(7)_32.png */,
				602099011E8A60F4008F33B1 /* Material Icons_e0be(0)_32.png */,
				602099021E8A60F4008F33B1 /* themify_f09a(3)_32.png */,
			);
			path = "新規フォルダー2";
			sourceTree = "<group>";
		};
		606627651EA9B09200991C0A /* 書き込み */ = {
			isa = PBXGroup;
			children = (
				600185BF1F30A49E0044BEB6 /* PostViewController.swift */,
				60723D161EB09C7C00359D01 /* NextCommentViewController.swift */,
			);
			name = "書き込み";
			sourceTree = "<group>";
		};
		608471D61F316C9100C72A26 /* その他 */ = {
			isa = PBXGroup;
			children = (
				609AE9111EA7754A0079A467 /* EditViewController.swift */,
				606627631EA9B07700991C0A /* MultiViewController.swift */,
				606627661EA9B11A00991C0A /* FriendViewController.swift */,
				606627681EA9B15B00991C0A /* TeamViewController.swift */,
				60889E961E87A4FE0036AC42 /* kouryakuViewController.swift */,
				609AE90D1EA5B2D30079A467 /* LoginViewController.swift */,
			);
			name = "その他";
			path = ..;
			sourceTree = "<group>";
		};
		60875BEA1EADF4DE0040E09A /* セルimg */ = {
			isa = PBXGroup;
			children = (
				60875BEB1EADF5070040E09A /* CellImageViewController.swift */,
			);
			name = "セルimg";
			sourceTree = "<group>";
		};
		60889E621E87A12C0036AC42 = {
			isa = PBXGroup;
			children = (
				60889E6D1E87A12C0036AC42 /* tesutoOrizinaru */,
				AD245E16ADFBCD2EFC520D23 /* Pods */,
				36BEB006797021856E334076 /* Frameworks */,
			);
			sourceTree = "<group>";
		};
		60889E6C1E87A12C0036AC42 /* Products */ = {
			isa = PBXGroup;
			children = (
				60889E6B1E87A12C0036AC42 /* tesutoOrizinaru.app */,
			);
			name = Products;
			path = ..;
			sourceTree = "<group>";
		};
		60889E6D1E87A12C0036AC42 /* tesutoOrizinaru */ = {
			isa = PBXGroup;
			children = (
				6044BBAF1F28BD6100C5B893 /* asanoha-400px.png */,
				60CCE9F41F1B5BF300C7717F /* Wiki1.png */,
				6044BBB71F28CD0E00C5B893 /* Wiki3.png */,
				605D29181F372789008D5ACB /* app.png */,
				60CCE9E81F1B1EF400C7717F /* navBarImage.png */,
				608DF9A81EE542F2006A6127 /* reload1.png */,
				60448B191ECF027E00975D79 /* sns.png */,
				60448B171ECF027900975D79 /* Entypo_d83d(0)_32.png */,
				601175CD1E87B558003DA8AE /* images2.jpg */,
				608DF99A1EDFF9C7006A6127 /* Tap.png */,
				608DF9681EDE9C0B006A6127 /* No Image.png */,
				608DF96C1EDFD0DF006A6127 /* No User.png */,
				602098F71E8A60F4008F33B1 /* 新規フォルダー2 */,
				60889E6E1E87A12C0036AC42 /* AppDelegate.swift */,
				60889E701E87A12C0036AC42 /* ViewController.swift */,
				605B8B051E94F3FB004B92C2 /* NewsModalViewController.swift */,
				603A36701E9CD99F007941BC /* MovieViewController.swift */,
				609AE90B1EA5B1F40079A467 /* BulletinBoardViewController.swift */,
				6060CE4F1EAF225500A60B50 /* CommentViewController.swift */,
				6061C3F11F3702FE00DAE2BA /* Comment_ViewController.swift */,
				60875BEA1EADF4DE0040E09A /* セルimg */,
				606627651EA9B09200991C0A /* 書き込み */,
				60CCE9F21F1B5A0B00C7717F /* StrategyViewController.swift */,
				60FE03001E87B1100062F768 /* HomeViewController.swift */,
				609AE90F1EA60B1F0079A467 /* ChangeProfileViewController.swift */,
				60C07FAF1EC31E210091E3DB /* FavoriteViewController.swift */,
				60DAF6B41ED199BA001589FC /* FavoriteUserViewController.swift */,
				60F4BC671F0F3E88004FEDD3 /* APP_News_ViewController.swift */,
				608DF9A01EDFFC0F006A6127 /* Support_ViewController.swift */,
				60889E721E87A12C0036AC42 /* Main.storyboard */,
				60889E751E87A12C0036AC42 /* Assets.xcassets */,
				60889E771E87A12C0036AC42 /* LaunchScreen.storyboard */,
				60889E7A1E87A12C0036AC42 /* Info.plist */,
				609AE9091EA5A82F0079A467 /* GoogleService-Info.plist */,
				1ED840571EC08A990041D2E2 /* Const.swift */,
				1E86FBFD1EC0BB9A00D4DD1B /* BBS_PostData1.swift */,
				6077F6F31ECB03EB001CF8C6 /* BulletinBoardTableViewCell.swift */,
				6077F6F41ECB03EB001CF8C6 /* BulletinBoardTableViewCell.xib */,
				60DAF6B61ED463BC001589FC /* BulletinBoardTableViewCell2.swift */,
				60DAF6B71ED463BC001589FC /* BulletinBoardTableViewCell2.xib */,
				608471D61F316C9100C72A26 /* その他 */,
				60889E6C1E87A12C0036AC42 /* Products */,
			);
			path = tesutoOrizinaru;
			sourceTree = "<group>";
		};
		AD245E16ADFBCD2EFC520D23 /* Pods */ = {
			isa = PBXGroup;
			children = (
				5F3BF91077C776636DC929D7 /* Pods-tesutoOrizinaru.debug.xcconfig */,
				7C45534C5269C17AB8060498 /* Pods-tesutoOrizinaru.release.xcconfig */,
			);
			name = Pods;
			sourceTree = "<group>";
		};
/* End PBXGroup section */

/* Begin PBXNativeTarget section */
		60889E6A1E87A12C0036AC42 /* tesutoOrizinaru */ = {
			isa = PBXNativeTarget;
			buildConfigurationList = 60889E7D1E87A12C0036AC42 /* Build configuration list for PBXNativeTarget "tesutoOrizinaru" */;
			buildPhases = (
				B15CD02271A508AF47EEEAA6 /* [CP] Check Pods Manifest.lock */,
				60889E671E87A12C0036AC42 /* Sources */,
				60889E681E87A12C0036AC42 /* Frameworks */,
				60889E691E87A12C0036AC42 /* Resources */,
				2481CFF683600B2CCAC1998B /* [CP] Embed Pods Frameworks */,
				6C641B1B372C2528366EF575 /* [CP] Copy Pods Resources */,
			);
			buildRules = (
			);
			dependencies = (
			);
			name = tesutoOrizinaru;
			productName = tesutoOrizinaru;
			productReference = 60889E6B1E87A12C0036AC42 /* tesutoOrizinaru.app */;
			productType = "com.apple.product-type.application";
		};
/* End PBXNativeTarget section */

/* Begin PBXProject section */
		60889E631E87A12C0036AC42 /* Project object */ = {
			isa = PBXProject;
			attributes = {
				LastSwiftUpdateCheck = 0820;
				LastUpgradeCheck = 0830;
				ORGANIZATIONNAME = "小本裕也";
				TargetAttributes = {
					60889E6A1E87A12C0036AC42 = {
						CreatedOnToolsVersion = 8.2.1;
						DevelopmentTeam = 2737T7ZD37;
						ProvisioningStyle = Automatic;
					};
				};
			};
			buildConfigurationList = 60889E661E87A12C0036AC42 /* Build configuration list for PBXProject "tesutoOrizinaru" */;
			compatibilityVersion = "Xcode 3.2";
			developmentRegion = English;
			hasScannedForEncodings = 0;
			knownRegions = (
				en,
				Base,
			);
			mainGroup = 60889E621E87A12C0036AC42;
			productRefGroup = 60889E6C1E87A12C0036AC42 /* Products */;
			projectDirPath = "";
			projectRoot = "";
			targets = (
				60889E6A1E87A12C0036AC42 /* tesutoOrizinaru */,
			);
		};
/* End PBXProject section */

/* Begin PBXResourcesBuildPhase section */
		60889E691E87A12C0036AC42 /* Resources */ = {
			isa = PBXResourcesBuildPhase;
			buildActionMask = 2147483647;
			files = (
				60448B181ECF027900975D79 /* Entypo_d83d(0)_32.png in Resources */,
				602099071E8A60F4008F33B1 /* et-line_e011(5)_32.png in Resources */,
				60889E791E87A12C0036AC42 /* LaunchScreen.storyboard in Resources */,
				60889E761E87A12C0036AC42 /* Assets.xcassets in Resources */,
				6020990D1E8A60F4008F33B1 /* themify_f09a(3)_32.png in Resources */,
				60CCE9F51F1B5BF300C7717F /* Wiki1.png in Resources */,
				602099031E8A60F4008F33B1 /* Entypo_d83d(10)_32.png in Resources */,
				608DF9A91EE542F3006A6127 /* reload1.png in Resources */,
				601175CE1E87B558003DA8AE /* images2.jpg in Resources */,
				6020990C1E8A60F4008F33B1 /* Material Icons_e0be(0)_32.png in Resources */,
				608DF99B1EDFF9C7006A6127 /* Tap.png in Resources */,
				605D29191F372789008D5ACB /* app.png in Resources */,
				6077F6F61ECB03EB001CF8C6 /* BulletinBoardTableViewCell.xib in Resources */,
				609AE90A1EA5A82F0079A467 /* GoogleService-Info.plist in Resources */,
				602099051E8A60F4008F33B1 /* et-line_e005(6)_32.png in Resources */,
				6044BBB81F28CD0E00C5B893 /* Wiki3.png in Resources */,
				60448B1A1ECF027E00975D79 /* sns.png in Resources */,
				608DF96D1EDFD0DF006A6127 /* No User.png in Resources */,
				60889E741E87A12C0036AC42 /* Main.storyboard in Resources */,
				602099061E8A60F4008F33B1 /* et-line_e00b(4)_32.png in Resources */,
				60CCE9E91F1B1EF400C7717F /* navBarImage.png in Resources */,
				608DF9691EDE9C0B006A6127 /* No Image.png in Resources */,
				602099081E8A60F4008F33B1 /* FontAwesome_f02d(1)_32.png in Resources */,
				602099041E8A60F4008F33B1 /* Entypo_d83d(9)_32.png in Resources */,
				60DAF6B91ED463BC001589FC /* BulletinBoardTableViewCell2.xib in Resources */,
				6020990B1E8A60F4008F33B1 /* linecons_e029(7)_32.png in Resources */,
				6044BBB01F28BD6100C5B893 /* asanoha-400px.png in Resources */,
				6020990A1E8A60F4008F33B1 /* linea_7c(2)_32.png in Resources */,
				602099091E8A60F4008F33B1 /* FontAwesome_f0c0(8)_32.png in Resources */,
			);
			runOnlyForDeploymentPostprocessing = 0;
		};
/* End PBXResourcesBuildPhase section */

/* Begin PBXShellScriptBuildPhase section */
		2481CFF683600B2CCAC1998B /* [CP] Embed Pods Frameworks */ = {
			isa = PBXShellScriptBuildPhase;
			buildActionMask = 2147483647;
			files = (
			);
			inputPaths = (
			);
			name = "[CP] Embed Pods Frameworks";
			outputPaths = (
			);
			runOnlyForDeploymentPostprocessing = 0;
			shellPath = /bin/sh;
			shellScript = "\"${SRCROOT}/Pods/Target Support Files/Pods-tesutoOrizinaru/Pods-tesutoOrizinaru-frameworks.sh\"\n";
			showEnvVarsInLog = 0;
		};
		6C641B1B372C2528366EF575 /* [CP] Copy Pods Resources */ = {
			isa = PBXShellScriptBuildPhase;
			buildActionMask = 2147483647;
			files = (
			);
			inputPaths = (
			);
			name = "[CP] Copy Pods Resources";
			outputPaths = (
			);
			runOnlyForDeploymentPostprocessing = 0;
			shellPath = /bin/sh;
			shellScript = "\"${SRCROOT}/Pods/Target Support Files/Pods-tesutoOrizinaru/Pods-tesutoOrizinaru-resources.sh\"\n";
			showEnvVarsInLog = 0;
		};
		B15CD02271A508AF47EEEAA6 /* [CP] Check Pods Manifest.lock */ = {
			isa = PBXShellScriptBuildPhase;
			buildActionMask = 2147483647;
			files = (
			);
			inputPaths = (
			);
			name = "[CP] Check Pods Manifest.lock";
			outputPaths = (
			);
			runOnlyForDeploymentPostprocessing = 0;
			shellPath = /bin/sh;
			shellScript = "diff \"${PODS_ROOT}/../Podfile.lock\" \"${PODS_ROOT}/Manifest.lock\" > /dev/null\nif [ $? != 0 ] ; then\n    # print error to STDERR\n    echo \"error: The sandbox is not in sync with the Podfile.lock. Run 'pod install' or update your CocoaPods installation.\" >&2\n    exit 1\nfi\n";
			showEnvVarsInLog = 0;
		};
/* End PBXShellScriptBuildPhase section */

/* Begin PBXSourcesBuildPhase section */
		60889E671E87A12C0036AC42 /* Sources */ = {
			isa = PBXSourcesBuildPhase;
			buildActionMask = 2147483647;
			files = (
				60DAF6B51ED199BA001589FC /* FavoriteUserViewController.swift in Sources */,
				609AE9101EA60B1F0079A467 /* ChangeProfileViewController.swift in Sources */,
				1ED840581EC08A990041D2E2 /* Const.swift in Sources */,
				609AE90E1EA5B2D30079A467 /* LoginViewController.swift in Sources */,
				606627671EA9B11A00991C0A /* FriendViewController.swift in Sources */,
				60875BEC1EADF5070040E09A /* CellImageViewController.swift in Sources */,
				60889E711E87A12C0036AC42 /* ViewController.swift in Sources */,
				605B8B061E94F3FB004B92C2 /* NewsModalViewController.swift in Sources */,
				60889E6F1E87A12C0036AC42 /* AppDelegate.swift in Sources */,
				60889E971E87A4FE0036AC42 /* kouryakuViewController.swift in Sources */,
				6060CE501EAF225500A60B50 /* CommentViewController.swift in Sources */,
				60F4BC681F0F3E89004FEDD3 /* APP_News_ViewController.swift in Sources */,
				60FE03011E87B1100062F768 /* HomeViewController.swift in Sources */,
				1E86FBFE1EC0BB9A00D4DD1B /* BBS_PostData1.swift in Sources */,
				609AE90C1EA5B1F40079A467 /* BulletinBoardViewController.swift in Sources */,
				60C07FB01EC31E210091E3DB /* FavoriteViewController.swift in Sources */,
				6061C3F21F3702FE00DAE2BA /* Comment_ViewController.swift in Sources */,
				600185C01F30A49E0044BEB6 /* PostViewController.swift in Sources */,
				60723D171EB09C7C00359D01 /* NextCommentViewController.swift in Sources */,
				609AE9121EA7754A0079A467 /* EditViewController.swift in Sources */,
				60CCE9F31F1B5A0B00C7717F /* StrategyViewController.swift in Sources */,
				608DF9A11EDFFC0F006A6127 /* Support_ViewController.swift in Sources */,
				606627641EA9B07700991C0A /* MultiViewController.swift in Sources */,
				603A36711E9CD99F007941BC /* MovieViewController.swift in Sources */,
				60DAF6B81ED463BC001589FC /* BulletinBoardTableViewCell2.swift in Sources */,
				606627691EA9B15B00991C0A /* TeamViewController.swift in Sources */,
				6077F6F51ECB03EB001CF8C6 /* BulletinBoardTableViewCell.swift in Sources */,
			);
			runOnlyForDeploymentPostprocessing = 0;
		};
/* End PBXSourcesBuildPhase section */

/* Begin PBXVariantGroup section */
		60889E721E87A12C0036AC42 /* Main.storyboard */ = {
			isa = PBXVariantGroup;
			children = (
				60889E731E87A12C0036AC42 /* Base */,
			);
			name = Main.storyboard;
			sourceTree = "<group>";
		};
		60889E771E87A12C0036AC42 /* LaunchScreen.storyboard */ = {
			isa = PBXVariantGroup;
			children = (
				60889E781E87A12C0036AC42 /* Base */,
			);
			name = LaunchScreen.storyboard;
			sourceTree = "<group>";
		};
/* End PBXVariantGroup section */

/* Begin XCBuildConfiguration section */
		60889E7B1E87A12C0036AC42 /* Debug */ = {
			isa = XCBuildConfiguration;
			buildSettings = {
				ALWAYS_SEARCH_USER_PATHS = NO;
				CLANG_ANALYZER_NONNULL = YES;
				CLANG_CXX_LANGUAGE_STANDARD = "gnu++0x";
				CLANG_CXX_LIBRARY = "libc++";
				CLANG_ENABLE_MODULES = YES;
				CLANG_ENABLE_OBJC_ARC = YES;
				CLANG_WARN_BOOL_CONVERSION = YES;
				CLANG_WARN_CONSTANT_CONVERSION = YES;
				CLANG_WARN_DIRECT_OBJC_ISA_USAGE = YES_ERROR;
				CLANG_WARN_DOCUMENTATION_COMMENTS = YES;
				CLANG_WARN_EMPTY_BODY = YES;
				CLANG_WARN_ENUM_CONVERSION = YES;
				CLANG_WARN_INFINITE_RECURSION = YES;
				CLANG_WARN_INT_CONVERSION = YES;
				CLANG_WARN_OBJC_ROOT_CLASS = YES_ERROR;
				CLANG_WARN_SUSPICIOUS_MOVE = YES;
				CLANG_WARN_UNREACHABLE_CODE = YES;
				CLANG_WARN__DUPLICATE_METHOD_MATCH = YES;
				"CODE_SIGN_IDENTITY[sdk=iphoneos*]" = "iPhone Developer";
				COPY_PHASE_STRIP = NO;
				DEBUG_INFORMATION_FORMAT = dwarf;
				ENABLE_STRICT_OBJC_MSGSEND = YES;
				ENABLE_TESTABILITY = YES;
				GCC_C_LANGUAGE_STANDARD = gnu99;
				GCC_DYNAMIC_NO_PIC = NO;
				GCC_NO_COMMON_BLOCKS = YES;
				GCC_OPTIMIZATION_LEVEL = 0;
				GCC_PREPROCESSOR_DEFINITIONS = (
					"DEBUG=1",
					"$(inherited)",
				);
				GCC_WARN_64_TO_32_BIT_CONVERSION = YES;
				GCC_WARN_ABOUT_RETURN_TYPE = YES_ERROR;
				GCC_WARN_UNDECLARED_SELECTOR = YES;
				GCC_WARN_UNINITIALIZED_AUTOS = YES_AGGRESSIVE;
				GCC_WARN_UNUSED_FUNCTION = YES;
				GCC_WARN_UNUSED_VARIABLE = YES;
				IPHONEOS_DEPLOYMENT_TARGET = 10.2;
				MTL_ENABLE_DEBUG_INFO = YES;
				ONLY_ACTIVE_ARCH = YES;
				SDKROOT = iphoneos;
				SWIFT_ACTIVE_COMPILATION_CONDITIONS = DEBUG;
				SWIFT_OPTIMIZATION_LEVEL = "-Onone";
			};
			name = Debug;
		};
		60889E7C1E87A12C0036AC42 /* Release */ = {
			isa = XCBuildConfiguration;
			buildSettings = {
				ALWAYS_SEARCH_USER_PATHS = NO;
				CLANG_ANALYZER_NONNULL = YES;
				CLANG_CXX_LANGUAGE_STANDARD = "gnu++0x";
				CLANG_CXX_LIBRARY = "libc++";
				CLANG_ENABLE_MODULES = YES;
				CLANG_ENABLE_OBJC_ARC = YES;
				CLANG_WARN_BOOL_CONVERSION = YES;
				CLANG_WARN_CONSTANT_CONVERSION = YES;
				CLANG_WARN_DIRECT_OBJC_ISA_USAGE = YES_ERROR;
				CLANG_WARN_DOCUMENTATION_COMMENTS = YES;
				CLANG_WARN_EMPTY_BODY = YES;
				CLANG_WARN_ENUM_CONVERSION = YES;
				CLANG_WARN_INFINITE_RECURSION = YES;
				CLANG_WARN_INT_CONVERSION = YES;
				CLANG_WARN_OBJC_ROOT_CLASS = YES_ERROR;
				CLANG_WARN_SUSPICIOUS_MOVE = YES;
				CLANG_WARN_UNREACHABLE_CODE = YES;
				CLANG_WARN__DUPLICATE_METHOD_MATCH = YES;
				"CODE_SIGN_IDENTITY[sdk=iphoneos*]" = "iPhone Developer";
				COPY_PHASE_STRIP = NO;
				DEBUG_INFORMATION_FORMAT = "dwarf-with-dsym";
				ENABLE_NS_ASSERTIONS = NO;
				ENABLE_STRICT_OBJC_MSGSEND = YES;
				GCC_C_LANGUAGE_STANDARD = gnu99;
				GCC_NO_COMMON_BLOCKS = YES;
				GCC_WARN_64_TO_32_BIT_CONVERSION = YES;
				GCC_WARN_ABOUT_RETURN_TYPE = YES_ERROR;
				GCC_WARN_UNDECLARED_SELECTOR = YES;
				GCC_WARN_UNINITIALIZED_AUTOS = YES_AGGRESSIVE;
				GCC_WARN_UNUSED_FUNCTION = YES;
				GCC_WARN_UNUSED_VARIABLE = YES;
				IPHONEOS_DEPLOYMENT_TARGET = 10.2;
				MTL_ENABLE_DEBUG_INFO = NO;
				SDKROOT = iphoneos;
				SWIFT_OPTIMIZATION_LEVEL = "-Owholemodule";
				VALIDATE_PRODUCT = YES;
			};
			name = Release;
		};
		60889E7E1E87A12C0036AC42 /* Debug */ = {
			isa = XCBuildConfiguration;
			baseConfigurationReference = 5F3BF91077C776636DC929D7 /* Pods-tesutoOrizinaru.debug.xcconfig */;
			buildSettings = {
				ALWAYS_EMBED_SWIFT_STANDARD_LIBRARIES = YES;
				ASSETCATALOG_COMPILER_APPICON_NAME = AppIcon;
				DEVELOPMENT_TEAM = 2737T7ZD37;
				INFOPLIST_FILE = tesutoOrizinaru/Info.plist;
				IPHONEOS_DEPLOYMENT_TARGET = 10.2;
				LD_RUNPATH_SEARCH_PATHS = "$(inherited) @executable_path/Frameworks";
				PRODUCT_BUNDLE_IDENTIFIER = jp.techacademy.yuuya.komoto.tesutoOrizinaru;
				PRODUCT_NAME = "$(TARGET_NAME)";
				SWIFT_VERSION = 3.0;
				TARGETED_DEVICE_FAMILY = 1;
			};
			name = Debug;
		};
		60889E7F1E87A12C0036AC42 /* Release */ = {
			isa = XCBuildConfiguration;
			baseConfigurationReference = 7C45534C5269C17AB8060498 /* Pods-tesutoOrizinaru.release.xcconfig */;
			buildSettings = {
				ALWAYS_EMBED_SWIFT_STANDARD_LIBRARIES = YES;
				ASSETCATALOG_COMPILER_APPICON_NAME = AppIcon;
				DEVELOPMENT_TEAM = 2737T7ZD37;
				INFOPLIST_FILE = tesutoOrizinaru/Info.plist;
				IPHONEOS_DEPLOYMENT_TARGET = 10.2;
				LD_RUNPATH_SEARCH_PATHS = "$(inherited) @executable_path/Frameworks";
				PRODUCT_BUNDLE_IDENTIFIER = jp.techacademy.yuuya.komoto.tesutoOrizinaru;
				PRODUCT_NAME = "$(TARGET_NAME)";
				SWIFT_VERSION = 3.0;
				TARGETED_DEVICE_FAMILY = 1;
			};
			name = Release;
		};
/* End XCBuildConfiguration section */

/* Begin XCConfigurationList section */
		60889E661E87A12C0036AC42 /* Build configuration list for PBXProject "tesutoOrizinaru" */ = {
			isa = XCConfigurationList;
			buildConfigurations = (
				60889E7B1E87A12C0036AC42 /* Debug */,
				60889E7C1E87A12C0036AC42 /* Release */,
			);
			defaultConfigurationIsVisible = 0;
			defaultConfigurationName = Release;
		};
		60889E7D1E87A12C0036AC42 /* Build configuration list for PBXNativeTarget "tesutoOrizinaru" */ = {
			isa = XCConfigurationList;
			buildConfigurations = (
				60889E7E1E87A12C0036AC42 /* Debug */,
				60889E7F1E87A12C0036AC42 /* Release */,
			);
			defaultConfigurationIsVisible = 0;
			defaultConfigurationName = Release;
		};
/* End XCConfigurationList section */
	};
	rootObject = 60889E631E87A12C0036AC42 /* Project object */;
}
